dependencies:
- name: minio
  repository: https://helm.min.io
  version: 8.0.3
- name: vault
  repository: https://helm.releases.hashicorp.com
  version: 0.8.0
- name: mongodb
  repository: https://charts.bitnami.com/bitnami
  version: 10.0.1
- name: nats
  repository: https://nats-io.github.io/k8s/helm/charts
  version: 0.7.2
- name: stan
  repository: https://nats-io.github.io/k8s/helm/charts
  version: 0.7.2
- name: relaynet-pong
  repository: https://h.cfcr.io/relaycorp/public
  version: 2.10.10
- name: redis
  repository: https://charts.bitnami.com/bitnami
  version: 12.0.0
digest: sha256:e073fde908e7cd81738fd5a3ee669ace853c2b4b9c93df82316e16fe13cf9aca
generated: "2021-11-15T16:29:38.61066166Z"
