dependencies:
- name: minio
  repository: https://helm.min.io
  version: 8.0.3
- name: vault
  repository: https://helm.releases.hashicorp.com
  version: 0.10.0
- name: mongodb
  repository: https://charts.bitnami.com/bitnami
  version: 12.1.20
- name: nats
  repository: https://nats-io.github.io/k8s/helm/charts
  version: 0.7.2
- name: stan
  repository: https://nats-io.github.io/k8s/helm/charts
  version: 0.7.2
- name: relaynet-pong
  repository: https://h.cfcr.io/relaycorp/public
  version: 3.0.10
- name: redis
  repository: https://charts.bitnami.com/bitnami
  version: 16.12.2
digest: sha256:97c6bbc30878fae714a1e93338e3b3864721c8b39a591e8a7b995009362f92b6
generated: "2022-06-17T15:38:13.944529326+01:00"
