dependencies:
- name: minio
  repository: https://helm.min.io
  version: 8.0.3
- name: vault
  repository: https://helm.releases.hashicorp.com
  version: 0.8.0
- name: mongodb
  repository: https://charts.bitnami.com/bitnami
  version: 10.0.1
- name: nats
  repository: https://nats-io.github.io/k8s/helm/charts
  version: 0.7.2
- name: stan
  repository: https://nats-io.github.io/k8s/helm/charts
  version: 0.7.2
- name: relaynet-pong
  repository: https://h.cfcr.io/relaycorp/public
  version: 2.7.1
- name: redis
  repository: https://charts.bitnami.com/bitnami
  version: 12.0.0
digest: sha256:ee80db9011187dd424fa8c71b97045718f53a45d54011f77daff54f7dc3f4f73
generated: "2021-03-17T12:34:59.498423237Z"
