dependencies:
- name: minio
  repository: https://helm.min.io
  version: 8.0.3
- name: vault
  repository: https://helm.releases.hashicorp.com
  version: 0.20.1
- name: mongodb
  repository: https://charts.bitnami.com/bitnami
  version: 12.1.20
- name: nats
  repository: https://nats-io.github.io/k8s/helm/charts
  version: 0.8.0
- name: stan
  repository: https://nats-io.github.io/k8s/helm/charts
  version: 0.8.0
- name: relaynet-pong
  repository: https://h.cfcr.io/relaycorp/public
  version: 3.0.37
- name: redis
  repository: https://charts.bitnami.com/bitnami
  version: 16.12.2
digest: sha256:d75828dd5ac427e5d41dd723e5fe21b39b6c1140ca8ec2c717677004af22af80
generated: "2023-07-14T17:00:34.560140253+01:00"
