dependencies:
- name: minio
  repository: oci://registry-1.docker.io/bitnamicharts
  version: 12.13.1
- name: vault
  repository: https://helm.releases.hashicorp.com
  version: 0.20.1
- name: mongodb
  repository: https://charts.bitnami.com/bitnami
  version: 12.1.20
- name: redis
  repository: https://charts.bitnami.com/bitnami
  version: 16.12.2
- name: relaynet-pong
  repository: https://h.cfcr.io/relaycorp/public
  version: 3.0.37
digest: sha256:bfa0b10403354b9cd1c1a00ef92c95f585e596de2a1be1a581c1119d45325640
generated: "2024-01-09T16:54:48.931966528Z"
